
Microsoft Visual Studio Solution File, Format Version 12.00
# Visual Studio Version 17
VisualStudioVersion = 17.1.32407.343
MinimumVisualStudioVersion = 10.0.40219.1
Project("{FAE04EC0-301F-11D3-BF4B-00C04F79EFBC}") = "LifecycleExample", "LifecycleExample\LifecycleExample.csproj", "{EED67120-62A7-48DA-9726-C4BD7DC56501}"
EndProject
Global
	GlobalSection(SolutionConfigurationPlatforms) = preSolution
		Debug|Any CPU = Debug|Any CPU
		Release|Any CPU = Release|Any CPU
	EndGlobalSection
	GlobalSection(ProjectConfigurationPlatforms) = postSolution
		{EED67120-62A7-48DA-9726-C4BD7DC56501}.Debug|Any CPU.ActiveCfg = Debug|Any CPU
		{EED67120-62A7-48DA-9726-C4BD7DC56501}.Debug|Any CPU.Build.0 = Debug|Any CPU
		{EED67120-62A7-48DA-9726-C4BD7DC56501}.Release|Any CPU.ActiveCfg = Release|Any CPU
		{EED67120-62A7-48DA-9726-C4BD7DC56501}.Release|Any CPU.Build.0 = Release|Any CPU
	EndGlobalSection
	GlobalSection(SolutionProperties) = preSolution
		HideSolutionNode = FALSE
	EndGlobalSection
	GlobalSection(ExtensibilityGlobals) = postSolution
		SolutionGuid = {14B35B45-7EBB-4416-8C0B-4226BAC616A3}
	EndGlobalSection
EndGlobal
